
Microsoft Visual Studio Solution File, Format Version 12.00
# Visual Studio Version 16
VisualStudioVersion = 16.0.31129.286
MinimumVisualStudioVersion = 10.0.40219.1
Project("{FAE04EC0-301F-11D3-BF4B-00C04F79EFBC}") = "EduHome", "EduHome\EduHome.csproj", "{68F25147-3136-44EA-B1C4-02AA05533CC2}"
EndProject
Global
	GlobalSection(SolutionConfigurationPlatforms) = preSolution
		Debug|Any CPU = Debug|Any CPU
		Release|Any CPU = Release|Any CPU
	EndGlobalSection
	GlobalSection(ProjectConfigurationPlatforms) = postSolution
		{68F25147-3136-44EA-B1C4-02AA05533CC2}.Debug|Any CPU.ActiveCfg = Debug|Any CPU
		{68F25147-3136-44EA-B1C4-02AA05533CC2}.Debug|Any CPU.Build.0 = Debug|Any CPU
		{68F25147-3136-44EA-B1C4-02AA05533CC2}.Release|Any CPU.ActiveCfg = Release|Any CPU
		{68F25147-3136-44EA-B1C4-02AA05533CC2}.Release|Any CPU.Build.0 = Release|Any CPU
	EndGlobalSection
	GlobalSection(SolutionProperties) = preSolution
		HideSolutionNode = FALSE
	EndGlobalSection
	GlobalSection(ExtensibilityGlobals) = postSolution
		SolutionGuid = {1E89EC5E-DB33-41A9-AAC9-9BE046336050}
	EndGlobalSection
EndGlobal
